// !$*UTF8*$!
{
	archiveVersion = 1;
	classes = {
	};
	objectVersion = 46;
	objects = {

/* Begin PBXBuildFile section */
		BCFB80431BCD231100C6F150 /* AppDelegate.swift in Sources */ = {isa = PBXBuildFile; fileRef = BCFB80421BCD231100C6F150 /* AppDelegate.swift */; };
		BCFB80451BCD231100C6F150 /* ViewController.swift in Sources */ = {isa = PBXBuildFile; fileRef = BCFB80441BCD231100C6F150 /* ViewController.swift */; };
		BCFB80481BCD231100C6F150 /* Main.storyboard in Resources */ = {isa = PBXBuildFile; fileRef = BCFB80461BCD231100C6F150 /* Main.storyboard */; };
		BCFB804A1BCD231100C6F150 /* Assets.xcassets in Resources */ = {isa = PBXBuildFile; fileRef = BCFB80491BCD231100C6F150 /* Assets.xcassets */; };
		BCFB804D1BCD231100C6F150 /* LaunchScreen.storyboard in Resources */ = {isa = PBXBuildFile; fileRef = BCFB804B1BCD231100C6F150 /* LaunchScreen.storyboard */; };
		BCFB80581BCD231100C6F150 /* ShopItTests.swift in Sources */ = {isa = PBXBuildFile; fileRef = BCFB80571BCD231100C6F150 /* ShopItTests.swift */; };
		BCFB80631BCD231100C6F150 /* ShopItUITests.swift in Sources */ = {isa = PBXBuildFile; fileRef = BCFB80621BCD231100C6F150 /* ShopItUITests.swift */; };
/* End PBXBuildFile section */

/* Begin PBXContainerItemProxy section */
		BCFB80541BCD231100C6F150 /* PBXContainerItemProxy */ = {
			isa = PBXContainerItemProxy;
			containerPortal = BCFB80371BCD231000C6F150 /* Project object */;
			proxyType = 1;
			remoteGlobalIDString = BCFB803E1BCD231100C6F150;
			remoteInfo = ShopIt;
		};
		BCFB805F1BCD231100C6F150 /* PBXContainerItemProxy */ = {
			isa = PBXContainerItemProxy;
			containerPortal = BCFB80371BCD231000C6F150 /* Project object */;
			proxyType = 1;
			remoteGlobalIDString = BCFB803E1BCD231100C6F150;
			remoteInfo = ShopIt;
		};
/* End PBXContainerItemProxy section */

/* Begin PBXFileReference section */
		BCFB803F1BCD231100C6F150 /* ShopIt.app */ = {isa = PBXFileReference; explicitFileType = wrapper.application; includeInIndex = 0; path = ShopIt.app; sourceTree = BUILT_PRODUCTS_DIR; };
		BCFB80421BCD231100C6F150 /* AppDelegate.swift */ = {isa = PBXFileReference; lastKnownFileType = sourcecode.swift; path = AppDelegate.swift; sourceTree = "<group>"; };
		BCFB80441BCD231100C6F150 /* ViewController.swift */ = {isa = PBXFileReference; lastKnownFileType = sourcecode.swift; path = ViewController.swift; sourceTree = "<group>"; };
		BCFB80471BCD231100C6F150 /* Base */ = {isa = PBXFileReference; lastKnownFileType = file.storyboard; name = Base; path = Base.lproj/Main.storyboard; sourceTree = "<group>"; };
		BCFB80491BCD231100C6F150 /* Assets.xcassets */ = {isa = PBXFileReference; lastKnownFileType = folder.assetcatalog; path = Assets.xcassets; sourceTree = "<group>"; };
		BCFB804C1BCD231100C6F150 /* Base */ = {isa = PBXFileReference; lastKnownFileType = file.storyboard; name = Base; path = Base.lproj/LaunchScreen.storyboard; sourceTree = "<group>"; };
		BCFB804E1BCD231100C6F150 /* Info.plist */ = {isa = PBXFileReference; lastKnownFileType = text.plist.xml; path = Info.plist; sourceTree = "<group>"; };
		BCFB80531BCD231100C6F150 /* ShopItTests.xctest */ = {isa = PBXFileReference; explicitFileType = wrapper.cfbundle; includeInIndex = 0; path = ShopItTests.xctest; sourceTree = BUILT_PRODUCTS_DIR; };
		BCFB80571BCD231100C6F150 /* ShopItTests.swift */ = {isa = PBXFileReference; lastKnownFileType = sourcecode.swift; path = ShopItTests.swift; sourceTree = "<group>"; };
		BCFB80591BCD231100C6F150 /* Info.plist */ = {isa = PBXFileReference; lastKnownFileType = text.plist.xml; path = Info.plist; sourceTree = "<group>"; };
		BCFB805E1BCD231100C6F150 /* ShopItUITests.xctest */ = {isa = PBXFileReference; explicitFileType = wrapper.cfbundle; includeInIndex = 0; path = ShopItUITests.xctest; sourceTree = BUILT_PRODUCTS_DIR; };
		BCFB80621BCD231100C6F150 /* ShopItUITests.swift */ = {isa = PBXFileReference; lastKnownFileType = sourcecode.swift; path = ShopItUITests.swift; sourceTree = "<group>"; };
		BCFB80641BCD231100C6F150 /* Info.plist */ = {isa = PBXFileReference; lastKnownFileType = text.plist.xml; path = Info.plist; sourceTree = "<group>"; };
/* End PBXFileReference section */

/* Begin PBXFrameworksBuildPhase section */
		BCFB803C1BCD231100C6F150 /* Frameworks */ = {
			isa = PBXFrameworksBuildPhase;
			buildActionMask = 2147483647;
			files = (
			);
			runOnlyForDeploymentPostprocessing = 0;
		};
		BCFB80501BCD231100C6F150 /* Frameworks */ = {
			isa = PBXFrameworksBuildPhase;
			buildActionMask = 2147483647;
			files = (
			);
			runOnlyForDeploymentPostprocessing = 0;
		};
		BCFB805B1BCD231100C6F150 /* Frameworks */ = {
			isa = PBXFrameworksBuildPhase;
			buildActionMask = 2147483647;
			files = (
			);
			runOnlyForDeploymentPostprocessing = 0;
		};
/* End PBXFrameworksBuildPhase section */

/* Begin PBXGroup section */
		BCFB80361BCD231000C6F150 = {
			isa = PBXGroup;
			children = (
				BCFB80411BCD231100C6F150 /* ShopIt */,
				BCFB80561BCD231100C6F150 /* ShopItTests */,
				BCFB80611BCD231100C6F150 /* ShopItUITests */,
				BCFB80401BCD231100C6F150 /* Products */,
			);
			sourceTree = "<group>";
		};
		BCFB80401BCD231100C6F150 /* Products */ = {
			isa = PBXGroup;
			children = (
				BCFB803F1BCD231100C6F150 /* ShopIt.app */,
				BCFB80531BCD231100C6F150 /* ShopItTests.xctest */,
				BCFB805E1BCD231100C6F150 /* ShopItUITests.xctest */,
			);
			name = Products;
			sourceTree = "<group>";
		};
		BCFB80411BCD231100C6F150 /* ShopIt */ = {
			isa = PBXGroup;
			children = (
				BCFB80421BCD231100C6F150 /* AppDelegate.swift */,
				BCFB80441BCD231100C6F150 /* ViewController.swift */,
				BCFB80461BCD231100C6F150 /* Main.storyboard */,
				BCFB80491BCD231100C6F150 /* Assets.xcassets */,
				BCFB804B1BCD231100C6F150 /* LaunchScreen.storyboard */,
				BCFB804E1BCD231100C6F150 /* Info.plist */,
			);
			path = ShopIt;
			sourceTree = "<group>";
		};
		BCFB80561BCD231100C6F150 /* ShopItTests */ = {
			isa = PBXGroup;
			children = (
				BCFB80571BCD231100C6F150 /* ShopItTests.swift */,
				BCFB80591BCD231100C6F150 /* Info.plist */,
			);
			path = ShopItTests;
			sourceTree = "<group>";
		};
		BCFB80611BCD231100C6F150 /* ShopItUITests */ = {
			isa = PBXGroup;
			children = (
				BCFB80621BCD231100C6F150 /* ShopItUITests.swift */,
				BCFB80641BCD231100C6F150 /* Info.plist */,
			);
			path = ShopItUITests;
			sourceTree = "<group>";
		};
/* End PBXGroup section */

/* Begin PBXNativeTarget section */
		BCFB803E1BCD231100C6F150 /* ShopIt */ = {
			isa = PBXNativeTarget;
			buildConfigurationList = BCFB80671BCD231100C6F150 /* Build configuration list for PBXNativeTarget "ShopIt" */;
			buildPhases = (
				BCFB803B1BCD231100C6F150 /* Sources */,
				BCFB803C1BCD231100C6F150 /* Frameworks */,
				BCFB803D1BCD231100C6F150 /* Resources */,
			);
			buildRules = (
			);
			dependencies = (
			);
			name = ShopIt;
			productName = ShopIt;
			productReference = BCFB803F1BCD231100C6F150 /* ShopIt.app */;
			productType = "com.apple.product-type.application";
		};
		BCFB80521BCD231100C6F150 /* ShopItTests */ = {
			isa = PBXNativeTarget;
			buildConfigurationList = BCFB806A1BCD231100C6F150 /* Build configuration list for PBXNativeTarget "ShopItTests" */;
			buildPhases = (
				BCFB804F1BCD231100C6F150 /* Sources */,
				BCFB80501BCD231100C6F150 /* Frameworks */,
				BCFB80511BCD231100C6F150 /* Resources */,
			);
			buildRules = (
			);
			dependencies = (
				BCFB80551BCD231100C6F150 /* PBXTargetDependency */,
			);
			name = ShopItTests;
			productName = ShopItTests;
			productReference = BCFB80531BCD231100C6F150 /* ShopItTests.xctest */;
			productType = "com.apple.product-type.bundle.unit-test";
		};
		BCFB805D1BCD231100C6F150 /* ShopItUITests */ = {
			isa = PBXNativeTarget;
			buildConfigurationList = BCFB806D1BCD231100C6F150 /* Build configuration list for PBXNativeTarget "ShopItUITests" */;
			buildPhases = (
				BCFB805A1BCD231100C6F150 /* Sources */,
				BCFB805B1BCD231100C6F150 /* Frameworks */,
				BCFB805C1BCD231100C6F150 /* Resources */,
			);
			buildRules = (
			);
			dependencies = (
				BCFB80601BCD231100C6F150 /* PBXTargetDependency */,
			);
			name = ShopItUITests;
			productName = ShopItUITests;
			productReference = BCFB805E1BCD231100C6F150 /* ShopItUITests.xctest */;
			productType = "com.apple.product-type.bundle.ui-testing";
		};
/* End PBXNativeTarget section */

/* Begin PBXProject section */
		BCFB80371BCD231000C6F150 /* Project object */ = {
			isa = PBXProject;
			attributes = {
				LastUpgradeCheck = 0700;
				ORGANIZATIONNAME = com.test.ankita;
				TargetAttributes = {
					BCFB803E1BCD231100C6F150 = {
						CreatedOnToolsVersion = 7.0.1;
					};
					BCFB80521BCD231100C6F150 = {
						CreatedOnToolsVersion = 7.0.1;
						TestTargetID = BCFB803E1BCD231100C6F150;
					};
					BCFB805D1BCD231100C6F150 = {
						CreatedOnToolsVersion = 7.0.1;
						TestTargetID = BCFB803E1BCD231100C6F150;
					};
				};
			};
			buildConfigurationList = BCFB803A1BCD231000C6F150 /* Build configuration list for PBXProject "ShopIt" */;
			compatibilityVersion = "Xcode 3.2";
			developmentRegion = English;
			hasScannedForEncodings = 0;
			knownRegions = (
				en,
				Base,
			);
			mainGroup = BCFB80361BCD231000C6F150;
			productRefGroup = BCFB80401BCD231100C6F150 /* Products */;
			projectDirPath = "";
			projectRoot = "";
			targets = (
				BCFB803E1BCD231100C6F150 /* ShopIt */,
				BCFB80521BCD231100C6F150 /* ShopItTests */,
				BCFB805D1BCD231100C6F150 /* ShopItUITests */,
			);
		};
/* End PBXProject section */

/* Begin PBXResourcesBuildPhase section */
		BCFB803D1BCD231100C6F150 /* Resources */ = {
			isa = PBXResourcesBuildPhase;
			buildActionMask = 2147483647;
			files = (
				BCFB804D1BCD231100C6F150 /* LaunchScreen.storyboard in Resources */,
				BCFB804A1BCD231100C6F150 /* Assets.xcassets in Resources */,
				BCFB80481BCD231100C6F150 /* Main.storyboard in Resources */,
			);
			runOnlyForDeploymentPostprocessing = 0;
		};
		BCFB80511BCD231100C6F150 /* Resources */ = {
			isa = PBXResourcesBuildPhase;
			buildActionMask = 2147483647;
			files = (
			);
			runOnlyForDeploymentPostprocessing = 0;
		};
		BCFB805C1BCD231100C6F150 /* Resources */ = {
			isa = PBXResourcesBuildPhase;
			buildActionMask = 2147483647;
			files = (
			);
			runOnlyForDeploymentPostprocessing = 0;
		};
/* End PBXResourcesBuildPhase section */

/* Begin PBXSourcesBuildPhase section */
		BCFB803B1BCD231100C6F150 /* Sources */ = {
			isa = PBXSourcesBuildPhase;
			buildActionMask = 2147483647;
			files = (
				BCFB80451BCD231100C6F150 /* ViewController.swift in Sources */,
				BCFB80431BCD231100C6F150 /* AppDelegate.swift in Sources */,
			);
			runOnlyForDeploymentPostprocessing = 0;
		};
		BCFB804F1BCD231100C6F150 /* Sources */ = {
			isa = PBXSourcesBuildPhase;
			buildActionMask = 2147483647;
			files = (
				BCFB80581BCD231100C6F150 /* ShopItTests.swift in Sources */,
			);
			runOnlyForDeploymentPostprocessing = 0;
		};
		BCFB805A1BCD231100C6F150 /* Sources */ = {
			isa = PBXSourcesBuildPhase;
			buildActionMask = 2147483647;
			files = (
				BCFB80631BCD231100C6F150 /* ShopItUITests.swift in Sources */,
			);
			runOnlyForDeploymentPostprocessing = 0;
		};
/* End PBXSourcesBuildPhase section */

/* Begin PBXTargetDependency section */
		BCFB80551BCD231100C6F150 /* PBXTargetDependency */ = {
			isa = PBXTargetDependency;
			target = BCFB803E1BCD231100C6F150 /* ShopIt */;
			targetProxy = BCFB80541BCD231100C6F150 /* PBXContainerItemProxy */;
		};
		BCFB80601BCD231100C6F150 /* PBXTargetDependency */ = {
			isa = PBXTargetDependency;
			target = BCFB803E1BCD231100C6F150 /* ShopIt */;
			targetProxy = BCFB805F1BCD231100C6F150 /* PBXContainerItemProxy */;
		};
/* End PBXTargetDependency section */

/* Begin PBXVariantGroup section */
		BCFB80461BCD231100C6F150 /* Main.storyboard */ = {
			isa = PBXVariantGroup;
			children = (
				BCFB80471BCD231100C6F150 /* Base */,
			);
			name = Main.storyboard;
			sourceTree = "<group>";
		};
		BCFB804B1BCD231100C6F150 /* LaunchScreen.storyboard */ = {
			isa = PBXVariantGroup;
			children = (
				BCFB804C1BCD231100C6F150 /* Base */,
			);
			name = LaunchScreen.storyboard;
			sourceTree = "<group>";
		};
/* End PBXVariantGroup section */

/* Begin XCBuildConfiguration section */
		BCFB80651BCD231100C6F150 /* Debug */ = {
			isa = XCBuildConfiguration;
			buildSettings = {
				ALWAYS_SEARCH_USER_PATHS = NO;
				CLANG_CXX_LANGUAGE_STANDARD = "gnu++0x";
				CLANG_CXX_LIBRARY = "libc++";
				CLANG_ENABLE_MODULES = YES;
				CLANG_ENABLE_OBJC_ARC = YES;
				CLANG_WARN_BOOL_CONVERSION = YES;
				CLANG_WARN_CONSTANT_CONVERSION = YES;
				CLANG_WARN_DIRECT_OBJC_ISA_USAGE = YES_ERROR;
				CLANG_WARN_EMPTY_BODY = YES;
				CLANG_WARN_ENUM_CONVERSION = YES;
				CLANG_WARN_INT_CONVERSION = YES;
				CLANG_WARN_OBJC_ROOT_CLASS = YES_ERROR;
				CLANG_WARN_UNREACHABLE_CODE = YES;
				CLANG_WARN__DUPLICATE_METHOD_MATCH = YES;
				"CODE_SIGN_IDENTITY[sdk=iphoneos*]" = "iPhone Developer";
				COPY_PHASE_STRIP = NO;
				DEBUG_INFORMATION_FORMAT = dwarf;
				ENABLE_STRICT_OBJC_MSGSEND = YES;
				ENABLE_TESTABILITY = YES;
				GCC_C_LANGUAGE_STANDARD = gnu99;
				GCC_DYNAMIC_NO_PIC = NO;
				GCC_NO_COMMON_BLOCKS = YES;
				GCC_OPTIMIZATION_LEVEL = 0;
				GCC_PREPROCESSOR_DEFINITIONS = (
					"DEBUG=1",
					"$(inherited)",
				);
				GCC_WARN_64_TO_32_BIT_CONVERSION = YES;
				GCC_WARN_ABOUT_RETURN_TYPE = YES_ERROR;
				GCC_WARN_UNDECLARED_SELECTOR = YES;
				GCC_WARN_UNINITIALIZED_AUTOS = YES_AGGRESSIVE;
				GCC_WARN_UNUSED_FUNCTION = YES;
				GCC_WARN_UNUSED_VARIABLE = YES;
				IPHONEOS_DEPLOYMENT_TARGET = 9.0;
				MTL_ENABLE_DEBUG_INFO = YES;
				ONLY_ACTIVE_ARCH = YES;
				SDKROOT = iphoneos;
				SWIFT_OPTIMIZATION_LEVEL = "-Onone";
			};
			name = Debug;
		};
		BCFB80661BCD231100C6F150 /* Release */ = {
			isa = XCBuildConfiguration;
			buildSettings = {
				ALWAYS_SEARCH_USER_PATHS = NO;
				CLANG_CXX_LANGUAGE_STANDARD = "gnu++0x";
				CLANG_CXX_LIBRARY = "libc++";
				CLANG_ENABLE_MODULES = YES;
				CLANG_ENABLE_OBJC_ARC = YES;
				CLANG_WARN_BOOL_CONVERSION = YES;
				CLANG_WARN_CONSTANT_CONVERSION = YES;
				CLANG_WARN_DIRECT_OBJC_ISA_USAGE = YES_ERROR;
				CLANG_WARN_EMPTY_BODY = YES;
				CLANG_WARN_ENUM_CONVERSION = YES;
				CLANG_WARN_INT_CONVERSION = YES;
				CLANG_WARN_OBJC_ROOT_CLASS = YES_ERROR;
				CLANG_WARN_UNREACHABLE_CODE = YES;
				CLANG_WARN__DUPLICATE_METHOD_MATCH = YES;
				"CODE_SIGN_IDENTITY[sdk=iphoneos*]" = "iPhone Developer";
				COPY_PHASE_STRIP = NO;
				DEBUG_INFORMATION_FORMAT = "dwarf-with-dsym";
				ENABLE_NS_ASSERTIONS = NO;
				ENABLE_STRICT_OBJC_MSGSEND = YES;
				GCC_C_LANGUAGE_STANDARD = gnu99;
				GCC_NO_COMMON_BLOCKS = YES;
				GCC_WARN_64_TO_32_BIT_CONVERSION = YES;
				GCC_WARN_ABOUT_RETURN_TYPE = YES_ERROR;
				GCC_WARN_UNDECLARED_SELECTOR = YES;
				GCC_WARN_UNINITIALIZED_AUTOS = YES_AGGRESSIVE;
				GCC_WARN_UNUSED_FUNCTION = YES;
				GCC_WARN_UNUSED_VARIABLE = YES;
				IPHONEOS_DEPLOYMENT_TARGET = 9.0;
				MTL_ENABLE_DEBUG_INFO = NO;
				SDKROOT = iphoneos;
				VALIDATE_PRODUCT = YES;
			};
			name = Release;
		};
		BCFB80681BCD231100C6F150 /* Debug */ = {
			isa = XCBuildConfiguration;
			buildSettings = {
				ASSETCATALOG_COMPILER_APPICON_NAME = AppIcon;
				INFOPLIST_FILE = ShopIt/Info.plist;
				LD_RUNPATH_SEARCH_PATHS = "$(inherited) @executable_path/Frameworks";
				PRODUCT_BUNDLE_IDENTIFIER = org.test.ShopIt;
				PRODUCT_NAME = "$(TARGET_NAME)";
			};
			name = Debug;
		};
		BCFB80691BCD231100C6F150 /* Release */ = {
			isa = XCBuildConfiguration;
			buildSettings = {
				ASSETCATALOG_COMPILER_APPICON_NAME = AppIcon;
				INFOPLIST_FILE = ShopIt/Info.plist;
				LD_RUNPATH_SEARCH_PATHS = "$(inherited) @executable_path/Frameworks";
				PRODUCT_BUNDLE_IDENTIFIER = org.test.ShopIt;
				PRODUCT_NAME = "$(TARGET_NAME)";
			};
			name = Release;
		};
		BCFB806B1BCD231100C6F150 /* Debug */ = {
			isa = XCBuildConfiguration;
			buildSettings = {
				BUNDLE_LOADER = "$(TEST_HOST)";
				INFOPLIST_FILE = ShopItTests/Info.plist;
				LD_RUNPATH_SEARCH_PATHS = "$(inherited) @executable_path/Frameworks @loader_path/Frameworks";
				PRODUCT_BUNDLE_IDENTIFIER = org.test.ShopItTests;
				PRODUCT_NAME = "$(TARGET_NAME)";
				TEST_HOST = "$(BUILT_PRODUCTS_DIR)/ShopIt.app/ShopIt";
			};
			name = Debug;
		};
		BCFB806C1BCD231100C6F150 /* Release */ = {
			isa = XCBuildConfiguration;
			buildSettings = {
				BUNDLE_LOADER = "$(TEST_HOST)";
				INFOPLIST_FILE = ShopItTests/Info.plist;
				LD_RUNPATH_SEARCH_PATHS = "$(inherited) @executable_path/Frameworks @loader_path/Frameworks";
				PRODUCT_BUNDLE_IDENTIFIER = org.test.ShopItTests;
				PRODUCT_NAME = "$(TARGET_NAME)";
				TEST_HOST = "$(BUILT_PRODUCTS_DIR)/ShopIt.app/ShopIt";
			};
			name = Release;
		};
		BCFB806E1BCD231100C6F150 /* Debug */ = {
			isa = XCBuildConfiguration;
			buildSettings = {
				INFOPLIST_FILE = ShopItUITests/Info.plist;
				LD_RUNPATH_SEARCH_PATHS = "$(inherited) @executable_path/Frameworks @loader_path/Frameworks";
				PRODUCT_BUNDLE_IDENTIFIER = org.test.ShopItUITests;
				PRODUCT_NAME = "$(TARGET_NAME)";
				TEST_TARGET_NAME = ShopIt;
				USES_XCTRUNNER = YES;
			};
			name = Debug;
		};
		BCFB806F1BCD231100C6F150 /* Release */ = {
			isa = XCBuildConfiguration;
			buildSettings = {
				INFOPLIST_FILE = ShopItUITests/Info.plist;
				LD_RUNPATH_SEARCH_PATHS = "$(inherited) @executable_path/Frameworks @loader_path/Frameworks";
				PRODUCT_BUNDLE_IDENTIFIER = org.test.ShopItUITests;
				PRODUCT_NAME = "$(TARGET_NAME)";
				TEST_TARGET_NAME = ShopIt;
				USES_XCTRUNNER = YES;
			};
			name = Release;
		};
/* End XCBuildConfiguration section */

/* Begin XCConfigurationList section */
		BCFB803A1BCD231000C6F150 /* Build configuration list for PBXProject "ShopIt" */ = {
			isa = XCConfigurationList;
			buildConfigurations = (
				BCFB80651BCD231100C6F150 /* Debug */,
				BCFB80661BCD231100C6F150 /* Release */,
			);
			defaultConfigurationIsVisible = 0;
			defaultConfigurationName = Release;
		};
		BCFB80671BCD231100C6F150 /* Build configuration list for PBXNativeTarget "ShopIt" */ = {
			isa = XCConfigurationList;
			buildConfigurations = (
				BCFB80681BCD231100C6F150 /* Debug */,
				BCFB80691BCD231100C6F150 /* Release */,
			);
			defaultConfigurationIsVisible = 0;
		};
		BCFB806A1BCD231100C6F150 /* Build configuration list for PBXNativeTarget "ShopItTests" */ = {
			isa = XCConfigurationList;
			buildConfigurations = (
				BCFB806B1BCD231100C6F150 /* Debug */,
				BCFB806C1BCD231100C6F150 /* Release */,
			);
			defaultConfigurationIsVisible = 0;
		};
		BCFB806D1BCD231100C6F150 /* Build configuration list for PBXNativeTarget "ShopItUITests" */ = {
			isa = XCConfigurationList;
			buildConfigurations = (
				BCFB806E1BCD231100C6F150 /* Debug */,
				BCFB806F1BCD231100C6F150 /* Release */,
			);
			defaultConfigurationIsVisible = 0;
		};
/* End XCConfigurationList section */
	};
	rootObject = BCFB80371BCD231000C6F150 /* Project object */;
}
